
Microsoft Visual Studio Solution File, Format Version 12.00
# Visual Studio Version 17
VisualStudioVersion = 17.4.33205.214
MinimumVisualStudioVersion = 10.0.40219.1
Project("{FAE04EC0-301F-11D3-BF4B-00C04F79EFBC}") = "Exercicio-LogProg-3", "Exercicio-LogProg-3\Exercicio-LogProg-3.csproj", "{24717CC3-F441-434E-9D16-8070ECE1F72B}"
EndProject
Global
	GlobalSection(SolutionConfigurationPlatforms) = preSolution
		Debug|Any CPU = Debug|Any CPU
		Release|Any CPU = Release|Any CPU
	EndGlobalSection
	GlobalSection(ProjectConfigurationPlatforms) = postSolution
		{24717CC3-F441-434E-9D16-8070ECE1F72B}.Debug|Any CPU.ActiveCfg = Debug|Any CPU
		{24717CC3-F441-434E-9D16-8070ECE1F72B}.Debug|Any CPU.Build.0 = Debug|Any CPU
		{24717CC3-F441-434E-9D16-8070ECE1F72B}.Release|Any CPU.ActiveCfg = Release|Any CPU
		{24717CC3-F441-434E-9D16-8070ECE1F72B}.Release|Any CPU.Build.0 = Release|Any CPU
	EndGlobalSection
	GlobalSection(SolutionProperties) = preSolution
		HideSolutionNode = FALSE
	EndGlobalSection
	GlobalSection(ExtensibilityGlobals) = postSolution
		SolutionGuid = {BE65EDC7-E6EA-433A-AA16-C662BC35A35B}
	EndGlobalSection
EndGlobal
